// !$*UTF8*$!
{
	archiveVersion = 1;
	classes = {
	};
	objectVersion = 56;
	objects = {

/* Begin PBXBuildFile section */
		B48B247D2CEA52D300EB9921 /* Content.swift in Sources */ = {isa = PBXBuildFile; fileRef = B48B247C2CEA52D300EB9921 /* Content.swift */; };
		B48B247F2CEB25F600EB9921 /* TitleCollectionViewCell.swift in Sources */ = {isa = PBXBuildFile; fileRef = B48B247E2CEB25F600EB9921 /* TitleCollectionViewCell.swift */; };
		B48B24862CEC48DC00EB9921 /* NetflixDataLoadingVC.swift in Sources */ = {isa = PBXBuildFile; fileRef = B48B24852CEC48DC00EB9921 /* NetflixDataLoadingVC.swift */; };
		B48B24882CEC6E2200EB9921 /* EmptyStateView.swift in Sources */ = {isa = PBXBuildFile; fileRef = B48B24872CEC6E2200EB9921 /* EmptyStateView.swift */; };
		B48B248A2CEC792A00EB9921 /* Sections.swift in Sources */ = {isa = PBXBuildFile; fileRef = B48B24892CEC792A00EB9921 /* Sections.swift */; };
		B48F21342CFC6E550017CC53 /* SDWebImage in Frameworks */ = {isa = PBXBuildFile; productRef = B48F21332CFC6E550017CC53 /* SDWebImage */; };
		B48F21362CFC6E550017CC53 /* SDWebImageMapKit in Frameworks */ = {isa = PBXBuildFile; productRef = B48F21352CFC6E550017CC53 /* SDWebImageMapKit */; };
		B4965D342CF59BDE0025BAAF /* TitleTableViewCell.swift in Sources */ = {isa = PBXBuildFile; fileRef = B4965D332CF59BDE0025BAAF /* TitleTableViewCell.swift */; };
		B4965D362CF5C0940025BAAF /* SearchResultsVC.swift in Sources */ = {isa = PBXBuildFile; fileRef = B4965D352CF5C0940025BAAF /* SearchResultsVC.swift */; };
		B4965D382CF725630025BAAF /* Constants.swift in Sources */ = {isa = PBXBuildFile; fileRef = B4965D372CF725630025BAAF /* Constants.swift */; };
		B4965D3A2CF726040025BAAF /* HomeViewModel.swift in Sources */ = {isa = PBXBuildFile; fileRef = B4965D392CF726040025BAAF /* HomeViewModel.swift */; };
		B4965D422CF73A410025BAAF /* ContentFetcher.swift in Sources */ = {isa = PBXBuildFile; fileRef = B4965D412CF73A410025BAAF /* ContentFetcher.swift */; };
		B4965D442CF73C280025BAAF /* PaginationManager.swift in Sources */ = {isa = PBXBuildFile; fileRef = B4965D432CF73C280025BAAF /* PaginationManager.swift */; };
		B4965D462CF7942D0025BAAF /* ComingSoonViewModel.swift in Sources */ = {isa = PBXBuildFile; fileRef = B4965D452CF7942D0025BAAF /* ComingSoonViewModel.swift */; };
		B4965D482CF844A60025BAAF /* TopSearchViewModel.swift in Sources */ = {isa = PBXBuildFile; fileRef = B4965D472CF844A60025BAAF /* TopSearchViewModel.swift */; };
		B4965D4A2CF84C860025BAAF /* SearchResultsViewModel.swift in Sources */ = {isa = PBXBuildFile; fileRef = B4965D492CF84C860025BAAF /* SearchResultsViewModel.swift */; };
		B4965D4C2CFA0F6C0025BAAF /* YouTubeEndPoint.swift in Sources */ = {isa = PBXBuildFile; fileRef = B4965D4B2CFA0F6C0025BAAF /* YouTubeEndPoint.swift */; };
		B4965D4E2CFA11F30025BAAF /* Trailer.swift in Sources */ = {isa = PBXBuildFile; fileRef = B4965D4D2CFA11F30025BAAF /* Trailer.swift */; };
		B4965D512CFB256E0025BAAF /* ContentPreviewViewController.swift in Sources */ = {isa = PBXBuildFile; fileRef = B4965D502CFB256E0025BAAF /* ContentPreviewViewController.swift */; };
		B4965D532CFB2B0B0025BAAF /* ContentPreviewModel.swift in Sources */ = {isa = PBXBuildFile; fileRef = B4965D522CFB2B0B0025BAAF /* ContentPreviewModel.swift */; };
		B4FAAD1A2CCC2EB300355FFB /* NetworkManager.swift in Sources */ = {isa = PBXBuildFile; fileRef = B4FAAD192CCC2EB300355FFB /* NetworkManager.swift */; };
		B4FAAD1C2CCC2EBE00355FFB /* TMDBEndPoint.swift in Sources */ = {isa = PBXBuildFile; fileRef = B4FAAD1B2CCC2EBE00355FFB /* TMDBEndPoint.swift */; };
		B4FFEA902CC231A300EE22F5 /* AppDelegate.swift in Sources */ = {isa = PBXBuildFile; fileRef = B4FFEA8F2CC231A300EE22F5 /* AppDelegate.swift */; };
		B4FFEA922CC231A300EE22F5 /* SceneDelegate.swift in Sources */ = {isa = PBXBuildFile; fileRef = B4FFEA912CC231A300EE22F5 /* SceneDelegate.swift */; };
		B4FFEA942CC231A300EE22F5 /* MainTabBarViewController.swift in Sources */ = {isa = PBXBuildFile; fileRef = B4FFEA932CC231A300EE22F5 /* MainTabBarViewController.swift */; };
		B4FFEA992CC231A600EE22F5 /* Assets.xcassets in Resources */ = {isa = PBXBuildFile; fileRef = B4FFEA982CC231A600EE22F5 /* Assets.xcassets */; };
		B4FFEA9C2CC231A600EE22F5 /* Base in Resources */ = {isa = PBXBuildFile; fileRef = B4FFEA9B2CC231A600EE22F5 /* Base */; };
		B4FFEAA42CC234CB00EE22F5 /* HomeVC.swift in Sources */ = {isa = PBXBuildFile; fileRef = B4FFEAA32CC234CB00EE22F5 /* HomeVC.swift */; };
		B4FFEAA62CC234D800EE22F5 /* ComingSoonVC.swift in Sources */ = {isa = PBXBuildFile; fileRef = B4FFEAA52CC234D800EE22F5 /* ComingSoonVC.swift */; };
		B4FFEAA82CC234E800EE22F5 /* TopSearchesVC.swift in Sources */ = {isa = PBXBuildFile; fileRef = B4FFEAA72CC234E800EE22F5 /* TopSearchesVC.swift */; };
		B4FFEAAA2CC2351E00EE22F5 /* DownloadsVC.swift in Sources */ = {isa = PBXBuildFile; fileRef = B4FFEAA92CC2351E00EE22F5 /* DownloadsVC.swift */; };
		B4FFEAB22CC23FBA00EE22F5 /* HomeTableViewCell.swift in Sources */ = {isa = PBXBuildFile; fileRef = B4FFEAB12CC23FBA00EE22F5 /* HomeTableViewCell.swift */; };
		B4FFEAB42CC26C7500EE22F5 /* HeaderView.swift in Sources */ = {isa = PBXBuildFile; fileRef = B4FFEAB32CC26C7500EE22F5 /* HeaderView.swift */; };
/* End PBXBuildFile section */

/* Begin PBXFileReference section */
		B48B247C2CEA52D300EB9921 /* Content.swift */ = {isa = PBXFileReference; lastKnownFileType = sourcecode.swift; path = Content.swift; sourceTree = "<group>"; };
		B48B247E2CEB25F600EB9921 /* TitleCollectionViewCell.swift */ = {isa = PBXFileReference; lastKnownFileType = sourcecode.swift; path = TitleCollectionViewCell.swift; sourceTree = "<group>"; };
		B48B24852CEC48DC00EB9921 /* NetflixDataLoadingVC.swift */ = {isa = PBXFileReference; lastKnownFileType = sourcecode.swift; path = NetflixDataLoadingVC.swift; sourceTree = "<group>"; };
		B48B24872CEC6E2200EB9921 /* EmptyStateView.swift */ = {isa = PBXFileReference; lastKnownFileType = sourcecode.swift; path = EmptyStateView.swift; sourceTree = "<group>"; };
		B48B24892CEC792A00EB9921 /* Sections.swift */ = {isa = PBXFileReference; lastKnownFileType = sourcecode.swift; path = Sections.swift; sourceTree = "<group>"; };
		B4965D332CF59BDE0025BAAF /* TitleTableViewCell.swift */ = {isa = PBXFileReference; lastKnownFileType = sourcecode.swift; path = TitleTableViewCell.swift; sourceTree = "<group>"; };
		B4965D352CF5C0940025BAAF /* SearchResultsVC.swift */ = {isa = PBXFileReference; lastKnownFileType = sourcecode.swift; path = SearchResultsVC.swift; sourceTree = "<group>"; };
		B4965D372CF725630025BAAF /* Constants.swift */ = {isa = PBXFileReference; lastKnownFileType = sourcecode.swift; path = Constants.swift; sourceTree = "<group>"; };
		B4965D392CF726040025BAAF /* HomeViewModel.swift */ = {isa = PBXFileReference; lastKnownFileType = sourcecode.swift; path = HomeViewModel.swift; sourceTree = "<group>"; };
		B4965D412CF73A410025BAAF /* ContentFetcher.swift */ = {isa = PBXFileReference; lastKnownFileType = sourcecode.swift; path = ContentFetcher.swift; sourceTree = "<group>"; };
		B4965D432CF73C280025BAAF /* PaginationManager.swift */ = {isa = PBXFileReference; lastKnownFileType = sourcecode.swift; path = PaginationManager.swift; sourceTree = "<group>"; };
		B4965D452CF7942D0025BAAF /* ComingSoonViewModel.swift */ = {isa = PBXFileReference; lastKnownFileType = sourcecode.swift; path = ComingSoonViewModel.swift; sourceTree = "<group>"; };
		B4965D472CF844A60025BAAF /* TopSearchViewModel.swift */ = {isa = PBXFileReference; lastKnownFileType = sourcecode.swift; path = TopSearchViewModel.swift; sourceTree = "<group>"; };
		B4965D492CF84C860025BAAF /* SearchResultsViewModel.swift */ = {isa = PBXFileReference; lastKnownFileType = sourcecode.swift; path = SearchResultsViewModel.swift; sourceTree = "<group>"; };
		B4965D4B2CFA0F6C0025BAAF /* YouTubeEndPoint.swift */ = {isa = PBXFileReference; lastKnownFileType = sourcecode.swift; path = YouTubeEndPoint.swift; sourceTree = "<group>"; };
		B4965D4D2CFA11F30025BAAF /* Trailer.swift */ = {isa = PBXFileReference; lastKnownFileType = sourcecode.swift; path = Trailer.swift; sourceTree = "<group>"; };
		B4965D502CFB256E0025BAAF /* ContentPreviewViewController.swift */ = {isa = PBXFileReference; lastKnownFileType = sourcecode.swift; path = ContentPreviewViewController.swift; sourceTree = "<group>"; };
		B4965D522CFB2B0B0025BAAF /* ContentPreviewModel.swift */ = {isa = PBXFileReference; lastKnownFileType = sourcecode.swift; path = ContentPreviewModel.swift; sourceTree = "<group>"; };
		B4F21D5C2CCAC83200BC60D0 /* Configurations.xcconfig */ = {isa = PBXFileReference; lastKnownFileType = text.xcconfig; path = Configurations.xcconfig; sourceTree = "<group>"; };
		B4FAAD192CCC2EB300355FFB /* NetworkManager.swift */ = {isa = PBXFileReference; lastKnownFileType = sourcecode.swift; path = NetworkManager.swift; sourceTree = "<group>"; };
		B4FAAD1B2CCC2EBE00355FFB /* TMDBEndPoint.swift */ = {isa = PBXFileReference; lastKnownFileType = sourcecode.swift; path = TMDBEndPoint.swift; sourceTree = "<group>"; };
		B4FFEA8C2CC231A300EE22F5 /* NetflixClone.app */ = {isa = PBXFileReference; explicitFileType = wrapper.application; includeInIndex = 0; path = NetflixClone.app; sourceTree = BUILT_PRODUCTS_DIR; };
		B4FFEA8F2CC231A300EE22F5 /* AppDelegate.swift */ = {isa = PBXFileReference; lastKnownFileType = sourcecode.swift; path = AppDelegate.swift; sourceTree = "<group>"; };
		B4FFEA912CC231A300EE22F5 /* SceneDelegate.swift */ = {isa = PBXFileReference; lastKnownFileType = sourcecode.swift; path = SceneDelegate.swift; sourceTree = "<group>"; };
		B4FFEA932CC231A300EE22F5 /* MainTabBarViewController.swift */ = {isa = PBXFileReference; lastKnownFileType = sourcecode.swift; path = MainTabBarViewController.swift; sourceTree = "<group>"; };
		B4FFEA982CC231A600EE22F5 /* Assets.xcassets */ = {isa = PBXFileReference; lastKnownFileType = folder.assetcatalog; path = Assets.xcassets; sourceTree = "<group>"; };
		B4FFEA9B2CC231A600EE22F5 /* Base */ = {isa = PBXFileReference; lastKnownFileType = file.storyboard; name = Base; path = Base.lproj/LaunchScreen.storyboard; sourceTree = "<group>"; };
		B4FFEA9D2CC231A600EE22F5 /* Info.plist */ = {isa = PBXFileReference; lastKnownFileType = text.plist.xml; path = Info.plist; sourceTree = "<group>"; };
		B4FFEAA32CC234CB00EE22F5 /* HomeVC.swift */ = {isa = PBXFileReference; lastKnownFileType = sourcecode.swift; path = HomeVC.swift; sourceTree = "<group>"; };
		B4FFEAA52CC234D800EE22F5 /* ComingSoonVC.swift */ = {isa = PBXFileReference; lastKnownFileType = sourcecode.swift; path = ComingSoonVC.swift; sourceTree = "<group>"; };
		B4FFEAA72CC234E800EE22F5 /* TopSearchesVC.swift */ = {isa = PBXFileReference; lastKnownFileType = sourcecode.swift; path = TopSearchesVC.swift; sourceTree = "<group>"; };
		B4FFEAA92CC2351E00EE22F5 /* DownloadsVC.swift */ = {isa = PBXFileReference; lastKnownFileType = sourcecode.swift; path = DownloadsVC.swift; sourceTree = "<group>"; };
		B4FFEAB12CC23FBA00EE22F5 /* HomeTableViewCell.swift */ = {isa = PBXFileReference; lastKnownFileType = sourcecode.swift; path = HomeTableViewCell.swift; sourceTree = "<group>"; };
		B4FFEAB32CC26C7500EE22F5 /* HeaderView.swift */ = {isa = PBXFileReference; lastKnownFileType = sourcecode.swift; path = HeaderView.swift; sourceTree = "<group>"; };
/* End PBXFileReference section */

/* Begin PBXFrameworksBuildPhase section */
		B4FFEA892CC231A300EE22F5 /* Frameworks */ = {
			isa = PBXFrameworksBuildPhase;
			buildActionMask = 2147483647;
			files = (
				B48F21362CFC6E550017CC53 /* SDWebImageMapKit in Frameworks */,
				B48F21342CFC6E550017CC53 /* SDWebImage in Frameworks */,
			);
			runOnlyForDeploymentPostprocessing = 0;
		};
/* End PBXFrameworksBuildPhase section */

/* Begin PBXGroup section */
		B4965D402CF73A2B0025BAAF /* Helpers */ = {
			isa = PBXGroup;
			children = (
				B4965D412CF73A410025BAAF /* ContentFetcher.swift */,
				B4965D432CF73C280025BAAF /* PaginationManager.swift */,
			);
			path = Helpers;
			sourceTree = "<group>";
		};
		B4965D4F2CFB25560025BAAF /* Controllers */ = {
			isa = PBXGroup;
			children = (
				B4965D502CFB256E0025BAAF /* ContentPreviewViewController.swift */,
			);
			path = Controllers;
			sourceTree = "<group>";
		};
		B4FFEA832CC231A300EE22F5 = {
			isa = PBXGroup;
			children = (
				B4FFEA8E2CC231A300EE22F5 /* NetflixClone */,
				B4FFEA8D2CC231A300EE22F5 /* Products */,
			);
			sourceTree = "<group>";
		};
		B4FFEA8D2CC231A300EE22F5 /* Products */ = {
			isa = PBXGroup;
			children = (
				B4FFEA8C2CC231A300EE22F5 /* NetflixClone.app */,
			);
			name = Products;
			sourceTree = "<group>";
		};
		B4FFEA8E2CC231A300EE22F5 /* NetflixClone */ = {
			isa = PBXGroup;
			children = (
				B4965D402CF73A2B0025BAAF /* Helpers */,
				B4FFEAB02CC23E9C00EE22F5 /* Utilities */,
				B4FFEAAF2CC23E9200EE22F5 /* Managers */,
				B4FFEAAE2CC23E8C00EE22F5 /* ViewModels */,
				B4FFEAAD2CC23E8700EE22F5 /* Models */,
				B4FFEAAC2CC23E8000EE22F5 /* Views */,
				B4FFEAAB2CC23E7800EE22F5 /* Controllers */,
				B4FFEA8F2CC231A300EE22F5 /* AppDelegate.swift */,
				B4FFEA912CC231A300EE22F5 /* SceneDelegate.swift */,
				B4FFEA982CC231A600EE22F5 /* Assets.xcassets */,
				B4FFEA9A2CC231A600EE22F5 /* LaunchScreen.storyboard */,
				B4F21D5C2CCAC83200BC60D0 /* Configurations.xcconfig */,
				B4FFEA9D2CC231A600EE22F5 /* Info.plist */,
			);
			path = NetflixClone;
			sourceTree = "<group>";
		};
		B4FFEAAB2CC23E7800EE22F5 /* Controllers */ = {
			isa = PBXGroup;
			children = (
				B4FFEA932CC231A300EE22F5 /* MainTabBarViewController.swift */,
				B4FFEAA32CC234CB00EE22F5 /* HomeVC.swift */,
				B4FFEAA52CC234D800EE22F5 /* ComingSoonVC.swift */,
				B4FFEAA72CC234E800EE22F5 /* TopSearchesVC.swift */,
				B4FFEAA92CC2351E00EE22F5 /* DownloadsVC.swift */,
				B4965D352CF5C0940025BAAF /* SearchResultsVC.swift */,
			);
			path = Controllers;
			sourceTree = "<group>";
		};
		B4FFEAAC2CC23E8000EE22F5 /* Views */ = {
			isa = PBXGroup;
			children = (
				B4965D4F2CFB25560025BAAF /* Controllers */,
				B4FFEAB12CC23FBA00EE22F5 /* HomeTableViewCell.swift */,
				B4FFEAB32CC26C7500EE22F5 /* HeaderView.swift */,
				B48B247E2CEB25F600EB9921 /* TitleCollectionViewCell.swift */,
				B48B24852CEC48DC00EB9921 /* NetflixDataLoadingVC.swift */,
				B48B24872CEC6E2200EB9921 /* EmptyStateView.swift */,
				B4965D332CF59BDE0025BAAF /* TitleTableViewCell.swift */,
			);
			path = Views;
			sourceTree = "<group>";
		};
		B4FFEAAD2CC23E8700EE22F5 /* Models */ = {
			isa = PBXGroup;
			children = (
				B48B247C2CEA52D300EB9921 /* Content.swift */,
				B48B24892CEC792A00EB9921 /* Sections.swift */,
				B4965D4D2CFA11F30025BAAF /* Trailer.swift */,
				B4965D522CFB2B0B0025BAAF /* ContentPreviewModel.swift */,
			);
			path = Models;
			sourceTree = "<group>";
		};
		B4FFEAAE2CC23E8C00EE22F5 /* ViewModels */ = {
			isa = PBXGroup;
			children = (
				B4965D392CF726040025BAAF /* HomeViewModel.swift */,
				B4965D452CF7942D0025BAAF /* ComingSoonViewModel.swift */,
				B4965D472CF844A60025BAAF /* TopSearchViewModel.swift */,
				B4965D492CF84C860025BAAF /* SearchResultsViewModel.swift */,
			);
			path = ViewModels;
			sourceTree = "<group>";
		};
		B4FFEAAF2CC23E9200EE22F5 /* Managers */ = {
			isa = PBXGroup;
			children = (
				B4FAAD192CCC2EB300355FFB /* NetworkManager.swift */,
				B4FAAD1B2CCC2EBE00355FFB /* TMDBEndPoint.swift */,
				B4965D4B2CFA0F6C0025BAAF /* YouTubeEndPoint.swift */,
			);
			path = Managers;
			sourceTree = "<group>";
		};
		B4FFEAB02CC23E9C00EE22F5 /* Utilities */ = {
			isa = PBXGroup;
			children = (
				B4965D372CF725630025BAAF /* Constants.swift */,
			);
			path = Utilities;
			sourceTree = "<group>";
		};
/* End PBXGroup section */

/* Begin PBXNativeTarget section */
		B4FFEA8B2CC231A300EE22F5 /* NetflixClone */ = {
			isa = PBXNativeTarget;
			buildConfigurationList = B4FFEAA02CC231A600EE22F5 /* Build configuration list for PBXNativeTarget "NetflixClone" */;
			buildPhases = (
				B4FFEA882CC231A300EE22F5 /* Sources */,
				B4FFEA892CC231A300EE22F5 /* Frameworks */,
				B4FFEA8A2CC231A300EE22F5 /* Resources */,
			);
			buildRules = (
			);
			dependencies = (
			);
			name = NetflixClone;
			packageProductDependencies = (
				B48F21332CFC6E550017CC53 /* SDWebImage */,
				B48F21352CFC6E550017CC53 /* SDWebImageMapKit */,
			);
			productName = NetflixClone;
			productReference = B4FFEA8C2CC231A300EE22F5 /* NetflixClone.app */;
			productType = "com.apple.product-type.application";
		};
/* End PBXNativeTarget section */

/* Begin PBXProject section */
		B4FFEA842CC231A300EE22F5 /* Project object */ = {
			isa = PBXProject;
			attributes = {
				BuildIndependentTargetsInParallel = NO;
				LastSwiftUpdateCheck = 1540;
				LastUpgradeCheck = 1540;
				TargetAttributes = {
					B4FFEA8B2CC231A300EE22F5 = {
						CreatedOnToolsVersion = 15.4;
					};
				};
			};
			buildConfigurationList = B4FFEA872CC231A300EE22F5 /* Build configuration list for PBXProject "NetflixClone" */;
			compatibilityVersion = "Xcode 14.0";
			developmentRegion = en;
			hasScannedForEncodings = 0;
			knownRegions = (
				en,
				Base,
			);
			mainGroup = B4FFEA832CC231A300EE22F5;
			packageReferences = (
				B48F21322CFC6E550017CC53 /* XCRemoteSwiftPackageReference "SDWebImage" */,
			);
			productRefGroup = B4FFEA8D2CC231A300EE22F5 /* Products */;
			projectDirPath = "";
			projectRoot = "";
			targets = (
				B4FFEA8B2CC231A300EE22F5 /* NetflixClone */,
			);
		};
/* End PBXProject section */

/* Begin PBXResourcesBuildPhase section */
		B4FFEA8A2CC231A300EE22F5 /* Resources */ = {
			isa = PBXResourcesBuildPhase;
			buildActionMask = 2147483647;
			files = (
				B4FFEA992CC231A600EE22F5 /* Assets.xcassets in Resources */,
				B4FFEA9C2CC231A600EE22F5 /* Base in Resources */,
			);
			runOnlyForDeploymentPostprocessing = 0;
		};
/* End PBXResourcesBuildPhase section */

/* Begin PBXSourcesBuildPhase section */
		B4FFEA882CC231A300EE22F5 /* Sources */ = {
			isa = PBXSourcesBuildPhase;
			buildActionMask = 2147483647;
			files = (
				B4FFEA942CC231A300EE22F5 /* MainTabBarViewController.swift in Sources */,
				B4965D382CF725630025BAAF /* Constants.swift in Sources */,
				B4965D342CF59BDE0025BAAF /* TitleTableViewCell.swift in Sources */,
				B4965D3A2CF726040025BAAF /* HomeViewModel.swift in Sources */,
				B48B248A2CEC792A00EB9921 /* Sections.swift in Sources */,
				B4965D512CFB256E0025BAAF /* ContentPreviewViewController.swift in Sources */,
				B4965D422CF73A410025BAAF /* ContentFetcher.swift in Sources */,
				B4965D362CF5C0940025BAAF /* SearchResultsVC.swift in Sources */,
				B48B247F2CEB25F600EB9921 /* TitleCollectionViewCell.swift in Sources */,
				B4965D4C2CFA0F6C0025BAAF /* YouTubeEndPoint.swift in Sources */,
				B4965D482CF844A60025BAAF /* TopSearchViewModel.swift in Sources */,
				B4FFEAB42CC26C7500EE22F5 /* HeaderView.swift in Sources */,
				B48B247D2CEA52D300EB9921 /* Content.swift in Sources */,
				B4965D462CF7942D0025BAAF /* ComingSoonViewModel.swift in Sources */,
				B4FAAD1A2CCC2EB300355FFB /* NetworkManager.swift in Sources */,
				B4FFEA902CC231A300EE22F5 /* AppDelegate.swift in Sources */,
				B4FAAD1C2CCC2EBE00355FFB /* TMDBEndPoint.swift in Sources */,
				B4FFEA922CC231A300EE22F5 /* SceneDelegate.swift in Sources */,
				B4FFEAA62CC234D800EE22F5 /* ComingSoonVC.swift in Sources */,
				B4FFEAAA2CC2351E00EE22F5 /* DownloadsVC.swift in Sources */,
				B48B24862CEC48DC00EB9921 /* NetflixDataLoadingVC.swift in Sources */,
				B4965D4A2CF84C860025BAAF /* SearchResultsViewModel.swift in Sources */,
				B4FFEAA82CC234E800EE22F5 /* TopSearchesVC.swift in Sources */,
				B48B24882CEC6E2200EB9921 /* EmptyStateView.swift in Sources */,
				B4965D442CF73C280025BAAF /* PaginationManager.swift in Sources */,
				B4965D532CFB2B0B0025BAAF /* ContentPreviewModel.swift in Sources */,
				B4FFEAB22CC23FBA00EE22F5 /* HomeTableViewCell.swift in Sources */,
				B4965D4E2CFA11F30025BAAF /* Trailer.swift in Sources */,
				B4FFEAA42CC234CB00EE22F5 /* HomeVC.swift in Sources */,
			);
			runOnlyForDeploymentPostprocessing = 0;
		};
/* End PBXSourcesBuildPhase section */

/* Begin PBXVariantGroup section */
		B4FFEA9A2CC231A600EE22F5 /* LaunchScreen.storyboard */ = {
			isa = PBXVariantGroup;
			children = (
				B4FFEA9B2CC231A600EE22F5 /* Base */,
			);
			name = LaunchScreen.storyboard;
			sourceTree = "<group>";
		};
/* End PBXVariantGroup section */

/* Begin XCBuildConfiguration section */
		B4FFEA9E2CC231A600EE22F5 /* Debug */ = {
			isa = XCBuildConfiguration;
			baseConfigurationReference = B4F21D5C2CCAC83200BC60D0 /* Configurations.xcconfig */;
			buildSettings = {
				ALWAYS_SEARCH_USER_PATHS = NO;
				ASSETCATALOG_COMPILER_GENERATE_SWIFT_ASSET_SYMBOL_EXTENSIONS = YES;
				CLANG_ANALYZER_NONNULL = YES;
				CLANG_ANALYZER_NUMBER_OBJECT_CONVERSION = YES_AGGRESSIVE;
				CLANG_CXX_LANGUAGE_STANDARD = "gnu++20";
				CLANG_ENABLE_MODULES = YES;
				CLANG_ENABLE_OBJC_ARC = YES;
				CLANG_ENABLE_OBJC_WEAK = YES;
				CLANG_WARN_BLOCK_CAPTURE_AUTORELEASING = YES;
				CLANG_WARN_BOOL_CONVERSION = YES;
				CLANG_WARN_COMMA = YES;
				CLANG_WARN_CONSTANT_CONVERSION = YES;
				CLANG_WARN_DEPRECATED_OBJC_IMPLEMENTATIONS = YES;
				CLANG_WARN_DIRECT_OBJC_ISA_USAGE = YES_ERROR;
				CLANG_WARN_DOCUMENTATION_COMMENTS = YES;
				CLANG_WARN_EMPTY_BODY = YES;
				CLANG_WARN_ENUM_CONVERSION = YES;
				CLANG_WARN_INFINITE_RECURSION = YES;
				CLANG_WARN_INT_CONVERSION = YES;
				CLANG_WARN_NON_LITERAL_NULL_CONVERSION = YES;
				CLANG_WARN_OBJC_IMPLICIT_RETAIN_SELF = YES;
				CLANG_WARN_OBJC_LITERAL_CONVERSION = YES;
				CLANG_WARN_OBJC_ROOT_CLASS = YES_ERROR;
				CLANG_WARN_QUOTED_INCLUDE_IN_FRAMEWORK_HEADER = YES;
				CLANG_WARN_RANGE_LOOP_ANALYSIS = YES;
				CLANG_WARN_STRICT_PROTOTYPES = YES;
				CLANG_WARN_SUSPICIOUS_MOVE = YES;
				CLANG_WARN_UNGUARDED_AVAILABILITY = YES_AGGRESSIVE;
				CLANG_WARN_UNREACHABLE_CODE = YES;
				CLANG_WARN__DUPLICATE_METHOD_MATCH = YES;
				COPY_PHASE_STRIP = NO;
				DEBUG_INFORMATION_FORMAT = dwarf;
				ENABLE_STRICT_OBJC_MSGSEND = YES;
				ENABLE_TESTABILITY = YES;
				ENABLE_USER_SCRIPT_SANDBOXING = YES;
				GCC_C_LANGUAGE_STANDARD = gnu17;
				GCC_DYNAMIC_NO_PIC = NO;
				GCC_NO_COMMON_BLOCKS = YES;
				GCC_OPTIMIZATION_LEVEL = 0;
				GCC_PREPROCESSOR_DEFINITIONS = (
					"DEBUG=1",
					"$(inherited)",
				);
				GCC_WARN_64_TO_32_BIT_CONVERSION = YES;
				GCC_WARN_ABOUT_RETURN_TYPE = YES_ERROR;
				GCC_WARN_UNDECLARED_SELECTOR = YES;
				GCC_WARN_UNINITIALIZED_AUTOS = YES_AGGRESSIVE;
				GCC_WARN_UNUSED_FUNCTION = YES;
				GCC_WARN_UNUSED_VARIABLE = YES;
				IPHONEOS_DEPLOYMENT_TARGET = 17.5;
				LOCALIZATION_PREFERS_STRING_CATALOGS = YES;
				MTL_ENABLE_DEBUG_INFO = INCLUDE_SOURCE;
				MTL_FAST_MATH = YES;
				ONLY_ACTIVE_ARCH = YES;
				SDKROOT = iphoneos;
				SWIFT_ACTIVE_COMPILATION_CONDITIONS = "DEBUG $(inherited)";
				SWIFT_OPTIMIZATION_LEVEL = "-Onone";
			};
			name = Debug;
		};
		B4FFEA9F2CC231A600EE22F5 /* Release */ = {
			isa = XCBuildConfiguration;
			baseConfigurationReference = B4F21D5C2CCAC83200BC60D0 /* Configurations.xcconfig */;
			buildSettings = {
				ALWAYS_SEARCH_USER_PATHS = NO;
				ASSETCATALOG_COMPILER_GENERATE_SWIFT_ASSET_SYMBOL_EXTENSIONS = YES;
				CLANG_ANALYZER_NONNULL = YES;
				CLANG_ANALYZER_NUMBER_OBJECT_CONVERSION = YES_AGGRESSIVE;
				CLANG_CXX_LANGUAGE_STANDARD = "gnu++20";
				CLANG_ENABLE_MODULES = YES;
				CLANG_ENABLE_OBJC_ARC = YES;
				CLANG_ENABLE_OBJC_WEAK = YES;
				CLANG_WARN_BLOCK_CAPTURE_AUTORELEASING = YES;
				CLANG_WARN_BOOL_CONVERSION = YES;
				CLANG_WARN_COMMA = YES;
				CLANG_WARN_CONSTANT_CONVERSION = YES;
				CLANG_WARN_DEPRECATED_OBJC_IMPLEMENTATIONS = YES;
				CLANG_WARN_DIRECT_OBJC_ISA_USAGE = YES_ERROR;
				CLANG_WARN_DOCUMENTATION_COMMENTS = YES;
				CLANG_WARN_EMPTY_BODY = YES;
				CLANG_WARN_ENUM_CONVERSION = YES;
				CLANG_WARN_INFINITE_RECURSION = YES;
				CLANG_WARN_INT_CONVERSION = YES;
				CLANG_WARN_NON_LITERAL_NULL_CONVERSION = YES;
				CLANG_WARN_OBJC_IMPLICIT_RETAIN_SELF = YES;
				CLANG_WARN_OBJC_LITERAL_CONVERSION = YES;
				CLANG_WARN_OBJC_ROOT_CLASS = YES_ERROR;
				CLANG_WARN_QUOTED_INCLUDE_IN_FRAMEWORK_HEADER = YES;
				CLANG_WARN_RANGE_LOOP_ANALYSIS = YES;
				CLANG_WARN_STRICT_PROTOTYPES = YES;
				CLANG_WARN_SUSPICIOUS_MOVE = YES;
				CLANG_WARN_UNGUARDED_AVAILABILITY = YES_AGGRESSIVE;
				CLANG_WARN_UNREACHABLE_CODE = YES;
				CLANG_WARN__DUPLICATE_METHOD_MATCH = YES;
				COPY_PHASE_STRIP = NO;
				DEBUG_INFORMATION_FORMAT = "dwarf-with-dsym";
				ENABLE_NS_ASSERTIONS = NO;
				ENABLE_STRICT_OBJC_MSGSEND = YES;
				ENABLE_USER_SCRIPT_SANDBOXING = YES;
				GCC_C_LANGUAGE_STANDARD = gnu17;
				GCC_NO_COMMON_BLOCKS = YES;
				GCC_WARN_64_TO_32_BIT_CONVERSION = YES;
				GCC_WARN_ABOUT_RETURN_TYPE = YES_ERROR;
				GCC_WARN_UNDECLARED_SELECTOR = YES;
				GCC_WARN_UNINITIALIZED_AUTOS = YES_AGGRESSIVE;
				GCC_WARN_UNUSED_FUNCTION = YES;
				GCC_WARN_UNUSED_VARIABLE = YES;
				IPHONEOS_DEPLOYMENT_TARGET = 17.5;
				LOCALIZATION_PREFERS_STRING_CATALOGS = YES;
				MTL_ENABLE_DEBUG_INFO = NO;
				MTL_FAST_MATH = YES;
				SDKROOT = iphoneos;
				SWIFT_COMPILATION_MODE = wholemodule;
				VALIDATE_PRODUCT = YES;
			};
			name = Release;
		};
		B4FFEAA12CC231A600EE22F5 /* Debug */ = {
			isa = XCBuildConfiguration;
			buildSettings = {
				ASSETCATALOG_COMPILER_APPICON_NAME = AppIcon;
				ASSETCATALOG_COMPILER_GLOBAL_ACCENT_COLOR_NAME = AccentColor;
				CODE_SIGN_IDENTITY = "Apple Development";
				CODE_SIGN_STYLE = Automatic;
				CURRENT_PROJECT_VERSION = 1;
				DEVELOPMENT_TEAM = WBT765N7KM;
				GENERATE_INFOPLIST_FILE = YES;
				INFOPLIST_FILE = NetflixClone/Info.plist;
				INFOPLIST_KEY_UIApplicationSupportsIndirectInputEvents = YES;
				INFOPLIST_KEY_UILaunchStoryboardName = LaunchScreen;
				INFOPLIST_KEY_UISupportedInterfaceOrientations_iPad = "UIInterfaceOrientationPortrait UIInterfaceOrientationPortraitUpsideDown UIInterfaceOrientationLandscapeLeft UIInterfaceOrientationLandscapeRight";
				INFOPLIST_KEY_UISupportedInterfaceOrientations_iPhone = "UIInterfaceOrientationPortrait UIInterfaceOrientationLandscapeLeft UIInterfaceOrientationLandscapeRight";
				IPHONEOS_DEPLOYMENT_TARGET = 17.6;
				LD_RUNPATH_SEARCH_PATHS = (
					"$(inherited)",
					"@executable_path/Frameworks",
				);
				MARKETING_VERSION = 1.0;
				PRODUCT_BUNDLE_IDENTIFIER = com.ritika.NetflixClone;
				PRODUCT_NAME = "$(TARGET_NAME)";
				PROVISIONING_PROFILE_SPECIFIER = "";
				SWIFT_EMIT_LOC_STRINGS = YES;
				SWIFT_VERSION = 5.0;
				TARGETED_DEVICE_FAMILY = "1,2";
			};
			name = Debug;
		};
		B4FFEAA22CC231A600EE22F5 /* Release */ = {
			isa = XCBuildConfiguration;
			buildSettings = {
				ASSETCATALOG_COMPILER_APPICON_NAME = AppIcon;
				ASSETCATALOG_COMPILER_GLOBAL_ACCENT_COLOR_NAME = AccentColor;
				CODE_SIGN_IDENTITY = "Apple Development";
				CODE_SIGN_STYLE = Automatic;
				CURRENT_PROJECT_VERSION = 1;
				DEVELOPMENT_TEAM = WBT765N7KM;
				GENERATE_INFOPLIST_FILE = YES;
				INFOPLIST_FILE = NetflixClone/Info.plist;
				INFOPLIST_KEY_UIApplicationSupportsIndirectInputEvents = YES;
				INFOPLIST_KEY_UILaunchStoryboardName = LaunchScreen;
				INFOPLIST_KEY_UISupportedInterfaceOrientations_iPad = "UIInterfaceOrientationPortrait UIInterfaceOrientationPortraitUpsideDown UIInterfaceOrientationLandscapeLeft UIInterfaceOrientationLandscapeRight";
				INFOPLIST_KEY_UISupportedInterfaceOrientations_iPhone = "UIInterfaceOrientationPortrait UIInterfaceOrientationLandscapeLeft UIInterfaceOrientationLandscapeRight";
				IPHONEOS_DEPLOYMENT_TARGET = 17.6;
				LD_RUNPATH_SEARCH_PATHS = (
					"$(inherited)",
					"@executable_path/Frameworks",
				);
				MARKETING_VERSION = 1.0;
				PRODUCT_BUNDLE_IDENTIFIER = com.ritika.NetflixClone;
				PRODUCT_NAME = "$(TARGET_NAME)";
				PROVISIONING_PROFILE_SPECIFIER = "";
				SWIFT_EMIT_LOC_STRINGS = YES;
				SWIFT_VERSION = 5.0;
				TARGETED_DEVICE_FAMILY = "1,2";
			};
			name = Release;
		};
/* End XCBuildConfiguration section */

/* Begin XCConfigurationList section */
		B4FFEA872CC231A300EE22F5 /* Build configuration list for PBXProject "NetflixClone" */ = {
			isa = XCConfigurationList;
			buildConfigurations = (
				B4FFEA9E2CC231A600EE22F5 /* Debug */,
				B4FFEA9F2CC231A600EE22F5 /* Release */,
			);
			defaultConfigurationIsVisible = 0;
			defaultConfigurationName = Release;
		};
		B4FFEAA02CC231A600EE22F5 /* Build configuration list for PBXNativeTarget "NetflixClone" */ = {
			isa = XCConfigurationList;
			buildConfigurations = (
				B4FFEAA12CC231A600EE22F5 /* Debug */,
				B4FFEAA22CC231A600EE22F5 /* Release */,
			);
			defaultConfigurationIsVisible = 0;
			defaultConfigurationName = Release;
		};
/* End XCConfigurationList section */

/* Begin XCRemoteSwiftPackageReference section */
		B48F21322CFC6E550017CC53 /* XCRemoteSwiftPackageReference "SDWebImage" */ = {
			isa = XCRemoteSwiftPackageReference;
			repositoryURL = "https://github.com/SDWebImage/SDWebImage.git";
			requirement = {
				kind = upToNextMajorVersion;
				minimumVersion = 5.20.0;
			};
		};
/* End XCRemoteSwiftPackageReference section */

/* Begin XCSwiftPackageProductDependency section */
		B48F21332CFC6E550017CC53 /* SDWebImage */ = {
			isa = XCSwiftPackageProductDependency;
			package = B48F21322CFC6E550017CC53 /* XCRemoteSwiftPackageReference "SDWebImage" */;
			productName = SDWebImage;
		};
		B48F21352CFC6E550017CC53 /* SDWebImageMapKit */ = {
			isa = XCSwiftPackageProductDependency;
			package = B48F21322CFC6E550017CC53 /* XCRemoteSwiftPackageReference "SDWebImage" */;
			productName = SDWebImageMapKit;
		};
/* End XCSwiftPackageProductDependency section */
	};
	rootObject = B4FFEA842CC231A300EE22F5 /* Project object */;
}
